// !$*UTF8*$!
{
	archiveVersion = 1;
	classes = {
	};
	objectVersion = 50;
	objects = {

/* Begin PBXBuildFile section */
		6F022DBF237346F700875434 /* AppDelegate.swift in Sources */ = {isa = PBXBuildFile; fileRef = 6F022DBE237346F700875434 /* AppDelegate.swift */; };
		6F022DC1237346F700875434 /* SceneDelegate.swift in Sources */ = {isa = PBXBuildFile; fileRef = 6F022DC0237346F700875434 /* SceneDelegate.swift */; };
		6F022DC3237346F700875434 /* CurrentLocationViewController.swift in Sources */ = {isa = PBXBuildFile; fileRef = 6F022DC2237346F700875434 /* CurrentLocationViewController.swift */; };
		6F022DC8237346F700875434 /* Main.storyboard in Resources */ = {isa = PBXBuildFile; fileRef = 6F022DC6237346F700875434 /* Main.storyboard */; };
		6F022DCA237346F800875434 /* Assets.xcassets in Resources */ = {isa = PBXBuildFile; fileRef = 6F022DC9237346F800875434 /* Assets.xcassets */; };
		6F022DCD237346F800875434 /* LaunchScreen.storyboard in Resources */ = {isa = PBXBuildFile; fileRef = 6F022DCB237346F800875434 /* LaunchScreen.storyboard */; };
		6F022DD523781C9100875434 /* LocationDetailsViewController.swift in Sources */ = {isa = PBXBuildFile; fileRef = 6F022DD423781C9100875434 /* LocationDetailsViewController.swift */; };
		6F022DD72378390E00875434 /* CategoryPickerViewController.swift in Sources */ = {isa = PBXBuildFile; fileRef = 6F022DD62378390E00875434 /* CategoryPickerViewController.swift */; };
		6F022DD92378586700875434 /* HudView.swift in Sources */ = {isa = PBXBuildFile; fileRef = 6F022DD82378586700875434 /* HudView.swift */; };
		6F250442237C1AF700EB3BDA /* LocationsViewController.swift in Sources */ = {isa = PBXBuildFile; fileRef = 6F250441237C1AF700EB3BDA /* LocationsViewController.swift */; };
		6F250444237C24A500EB3BDA /* LocationCell.swift in Sources */ = {isa = PBXBuildFile; fileRef = 6F250443237C24A500EB3BDA /* LocationCell.swift */; };
		6F250447237DAF9000EB3BDA /* MapKit.framework in Frameworks */ = {isa = PBXBuildFile; fileRef = 6F250446237DAF9000EB3BDA /* MapKit.framework */; };
		6F250449237DB0AE00EB3BDA /* MapViewController.swift in Sources */ = {isa = PBXBuildFile; fileRef = 6F250448237DB0AE00EB3BDA /* MapViewController.swift */; };
		6F25044B2384106100EB3BDA /* UIImage+Resize.swift in Sources */ = {isa = PBXBuildFile; fileRef = 6F25044A2384106100EB3BDA /* UIImage+Resize.swift */; };
		6F25044D23842BAA00EB3BDA /* String+AddText.swift in Sources */ = {isa = PBXBuildFile; fileRef = 6F25044C23842BAA00EB3BDA /* String+AddText.swift */; };
		6F25044F23844E9400EB3BDA /* MyTabBarController.swift in Sources */ = {isa = PBXBuildFile; fileRef = 6F25044E23844E9400EB3BDA /* MyTabBarController.swift */; };
		6F25045123844FBD00EB3BDA /* MyImagePickerController.swift in Sources */ = {isa = PBXBuildFile; fileRef = 6F25045023844FBD00EB3BDA /* MyImagePickerController.swift */; };
		6F25045423857CF000EB3BDA /* Sound.caf in Resources */ = {isa = PBXBuildFile; fileRef = 6F25045323857CF000EB3BDA /* Sound.caf */; };
		6F9EB9EA237AC81000B6C706 /* DataModel.xcdatamodeld in Sources */ = {isa = PBXBuildFile; fileRef = 6F9EB9E8237AC81000B6C706 /* DataModel.xcdatamodeld */; };
		6F9EB9F1237ACB9100B6C706 /* Location+CoreDataClass.swift in Sources */ = {isa = PBXBuildFile; fileRef = 6F9EB9EF237ACB9100B6C706 /* Location+CoreDataClass.swift */; };
		6F9EB9F2237ACB9100B6C706 /* Location+CoreDataProperties.swift in Sources */ = {isa = PBXBuildFile; fileRef = 6F9EB9F0237ACB9100B6C706 /* Location+CoreDataProperties.swift */; };
		6FEB7A542378709B00AF2A37 /* Functions.swift in Sources */ = {isa = PBXBuildFile; fileRef = 6FEB7A532378709B00AF2A37 /* Functions.swift */; };
/* End PBXBuildFile section */

/* Begin PBXFileReference section */
		6F022DBB237346F700875434 /* MyLocations.app */ = {isa = PBXFileReference; explicitFileType = wrapper.application; includeInIndex = 0; path = MyLocations.app; sourceTree = BUILT_PRODUCTS_DIR; };
		6F022DBE237346F700875434 /* AppDelegate.swift */ = {isa = PBXFileReference; lastKnownFileType = sourcecode.swift; path = AppDelegate.swift; sourceTree = "<group>"; };
		6F022DC0237346F700875434 /* SceneDelegate.swift */ = {isa = PBXFileReference; lastKnownFileType = sourcecode.swift; path = SceneDelegate.swift; sourceTree = "<group>"; };
		6F022DC2237346F700875434 /* CurrentLocationViewController.swift */ = {isa = PBXFileReference; lastKnownFileType = sourcecode.swift; path = CurrentLocationViewController.swift; sourceTree = "<group>"; };
		6F022DC7237346F700875434 /* Base */ = {isa = PBXFileReference; lastKnownFileType = file.storyboard; name = Base; path = Base.lproj/Main.storyboard; sourceTree = "<group>"; };
		6F022DC9237346F800875434 /* Assets.xcassets */ = {isa = PBXFileReference; lastKnownFileType = folder.assetcatalog; path = Assets.xcassets; sourceTree = "<group>"; };
		6F022DCC237346F800875434 /* Base */ = {isa = PBXFileReference; lastKnownFileType = file.storyboard; name = Base; path = Base.lproj/LaunchScreen.storyboard; sourceTree = "<group>"; };
		6F022DCE237346F800875434 /* Info.plist */ = {isa = PBXFileReference; lastKnownFileType = text.plist.xml; path = Info.plist; sourceTree = "<group>"; };
		6F022DD423781C9100875434 /* LocationDetailsViewController.swift */ = {isa = PBXFileReference; lastKnownFileType = sourcecode.swift; path = LocationDetailsViewController.swift; sourceTree = "<group>"; };
		6F022DD62378390E00875434 /* CategoryPickerViewController.swift */ = {isa = PBXFileReference; lastKnownFileType = sourcecode.swift; path = CategoryPickerViewController.swift; sourceTree = "<group>"; };
		6F022DD82378586700875434 /* HudView.swift */ = {isa = PBXFileReference; lastKnownFileType = sourcecode.swift; path = HudView.swift; sourceTree = "<group>"; };
		6F250441237C1AF700EB3BDA /* LocationsViewController.swift */ = {isa = PBXFileReference; lastKnownFileType = sourcecode.swift; path = LocationsViewController.swift; sourceTree = "<group>"; };
		6F250443237C24A500EB3BDA /* LocationCell.swift */ = {isa = PBXFileReference; lastKnownFileType = sourcecode.swift; path = LocationCell.swift; sourceTree = "<group>"; };
		6F250446237DAF9000EB3BDA /* MapKit.framework */ = {isa = PBXFileReference; lastKnownFileType = wrapper.framework; name = MapKit.framework; path = System/Library/Frameworks/MapKit.framework; sourceTree = SDKROOT; };
		6F250448237DB0AE00EB3BDA /* MapViewController.swift */ = {isa = PBXFileReference; lastKnownFileType = sourcecode.swift; path = MapViewController.swift; sourceTree = "<group>"; };
		6F25044A2384106100EB3BDA /* UIImage+Resize.swift */ = {isa = PBXFileReference; lastKnownFileType = sourcecode.swift; path = "UIImage+Resize.swift"; sourceTree = "<group>"; };
		6F25044C23842BAA00EB3BDA /* String+AddText.swift */ = {isa = PBXFileReference; lastKnownFileType = sourcecode.swift; path = "String+AddText.swift"; sourceTree = "<group>"; };
		6F25044E23844E9400EB3BDA /* MyTabBarController.swift */ = {isa = PBXFileReference; lastKnownFileType = sourcecode.swift; path = MyTabBarController.swift; sourceTree = "<group>"; };
		6F25045023844FBD00EB3BDA /* MyImagePickerController.swift */ = {isa = PBXFileReference; lastKnownFileType = sourcecode.swift; path = MyImagePickerController.swift; sourceTree = "<group>"; };
		6F25045323857CF000EB3BDA /* Sound.caf */ = {isa = PBXFileReference; lastKnownFileType = file; path = Sound.caf; sourceTree = "<group>"; };
		6F9EB9E9237AC81000B6C706 /* DataModel.xcdatamodel */ = {isa = PBXFileReference; lastKnownFileType = wrapper.xcdatamodel; path = DataModel.xcdatamodel; sourceTree = "<group>"; };
		6F9EB9EF237ACB9100B6C706 /* Location+CoreDataClass.swift */ = {isa = PBXFileReference; lastKnownFileType = sourcecode.swift; path = "Location+CoreDataClass.swift"; sourceTree = "<group>"; };
		6F9EB9F0237ACB9100B6C706 /* Location+CoreDataProperties.swift */ = {isa = PBXFileReference; lastKnownFileType = sourcecode.swift; path = "Location+CoreDataProperties.swift"; sourceTree = "<group>"; };
		6FEB7A532378709B00AF2A37 /* Functions.swift */ = {isa = PBXFileReference; lastKnownFileType = sourcecode.swift; path = Functions.swift; sourceTree = "<group>"; };
/* End PBXFileReference section */

/* Begin PBXFrameworksBuildPhase section */
		6F022DB8237346F700875434 /* Frameworks */ = {
			isa = PBXFrameworksBuildPhase;
			buildActionMask = 2147483647;
			files = (
				6F250447237DAF9000EB3BDA /* MapKit.framework in Frameworks */,
			);
			runOnlyForDeploymentPostprocessing = 0;
		};
/* End PBXFrameworksBuildPhase section */

/* Begin PBXGroup section */
		6F022DB2237346F700875434 = {
			isa = PBXGroup;
			children = (
				6F022DBD237346F700875434 /* MyLocations */,
				6F022DBC237346F700875434 /* Products */,
				6F250445237DAF9000EB3BDA /* Frameworks */,
			);
			sourceTree = "<group>";
		};
		6F022DBC237346F700875434 /* Products */ = {
			isa = PBXGroup;
			children = (
				6F022DBB237346F700875434 /* MyLocations.app */,
			);
			name = Products;
			sourceTree = "<group>";
		};
		6F022DBD237346F700875434 /* MyLocations */ = {
			isa = PBXGroup;
			children = (
				6F022DBE237346F700875434 /* AppDelegate.swift */,
				6F022DC0237346F700875434 /* SceneDelegate.swift */,
				6F9EB9EF237ACB9100B6C706 /* Location+CoreDataClass.swift */,
				6F9EB9F0237ACB9100B6C706 /* Location+CoreDataProperties.swift */,
				6FEB7A532378709B00AF2A37 /* Functions.swift */,
				6F022DC2237346F700875434 /* CurrentLocationViewController.swift */,
				6F022DD423781C9100875434 /* LocationDetailsViewController.swift */,
				6F022DD62378390E00875434 /* CategoryPickerViewController.swift */,
				6F250441237C1AF700EB3BDA /* LocationsViewController.swift */,
				6F250448237DB0AE00EB3BDA /* MapViewController.swift */,
				6F022DC6237346F700875434 /* Main.storyboard */,
				6F022DCB237346F800875434 /* LaunchScreen.storyboard */,
				6F20E0C82389814400475689 /* Custom Views */,
				6F20E0C92389816700475689 /* Utilities */,
				6F022DC9237346F800875434 /* Assets.xcassets */,
				6F022DCE237346F800875434 /* Info.plist */,
				6F9EB9E8237AC81000B6C706 /* DataModel.xcdatamodeld */,
				6F25045223857CF000EB3BDA /* Sound */,
			);
			path = MyLocations;
			sourceTree = "<group>";
		};
		6F20E0C82389814400475689 /* Custom Views */ = {
			isa = PBXGroup;
			children = (
				6F25045023844FBD00EB3BDA /* MyImagePickerController.swift */,
				6F25044E23844E9400EB3BDA /* MyTabBarController.swift */,
				6F250443237C24A500EB3BDA /* LocationCell.swift */,
				6F25044A2384106100EB3BDA /* UIImage+Resize.swift */,
			);
			path = "Custom Views";
			sourceTree = "<group>";
		};
		6F20E0C92389816700475689 /* Utilities */ = {
			isa = PBXGroup;
			children = (
				6F25044C23842BAA00EB3BDA /* String+AddText.swift */,
				6F022DD82378586700875434 /* HudView.swift */,
			);
			path = Utilities;
			sourceTree = "<group>";
		};
		6F250445237DAF9000EB3BDA /* Frameworks */ = {
			isa = PBXGroup;
			children = (
				6F250446237DAF9000EB3BDA /* MapKit.framework */,
			);
			name = Frameworks;
			sourceTree = "<group>";
		};
		6F25045223857CF000EB3BDA /* Sound */ = {
			isa = PBXGroup;
			children = (
				6F25045323857CF000EB3BDA /* Sound.caf */,
			);
			path = Sound;
			sourceTree = "<group>";
		};
/* End PBXGroup section */

/* Begin PBXNativeTarget section */
		6F022DBA237346F700875434 /* MyLocations */ = {
			isa = PBXNativeTarget;
			buildConfigurationList = 6F022DD1237346F800875434 /* Build configuration list for PBXNativeTarget "MyLocations" */;
			buildPhases = (
				6F022DB7237346F700875434 /* Sources */,
				6F022DB8237346F700875434 /* Frameworks */,
				6F022DB9237346F700875434 /* Resources */,
			);
			buildRules = (
			);
			dependencies = (
			);
			name = MyLocations;
			productName = MyLocations;
			productReference = 6F022DBB237346F700875434 /* MyLocations.app */;
			productType = "com.apple.product-type.application";
		};
/* End PBXNativeTarget section */

/* Begin PBXProject section */
		6F022DB3237346F700875434 /* Project object */ = {
			isa = PBXProject;
			attributes = {
				LastSwiftUpdateCheck = 1100;
				LastUpgradeCheck = 1100;
				ORGANIZATIONNAME = "Mohammed Hamdi";
				TargetAttributes = {
					6F022DBA237346F700875434 = {
						CreatedOnToolsVersion = 11.0;
					};
				};
			};
			buildConfigurationList = 6F022DB6237346F700875434 /* Build configuration list for PBXProject "MyLocations" */;
			compatibilityVersion = "Xcode 9.3";
			developmentRegion = en;
			hasScannedForEncodings = 0;
			knownRegions = (
				en,
				Base,
			);
			mainGroup = 6F022DB2237346F700875434;
			productRefGroup = 6F022DBC237346F700875434 /* Products */;
			projectDirPath = "";
			projectRoot = "";
			targets = (
				6F022DBA237346F700875434 /* MyLocations */,
			);
		};
/* End PBXProject section */

/* Begin PBXResourcesBuildPhase section */
		6F022DB9237346F700875434 /* Resources */ = {
			isa = PBXResourcesBuildPhase;
			buildActionMask = 2147483647;
			files = (
				6F022DCD237346F800875434 /* LaunchScreen.storyboard in Resources */,
				6F022DCA237346F800875434 /* Assets.xcassets in Resources */,
				6F25045423857CF000EB3BDA /* Sound.caf in Resources */,
				6F022DC8237346F700875434 /* Main.storyboard in Resources */,
			);
			runOnlyForDeploymentPostprocessing = 0;
		};
/* End PBXResourcesBuildPhase section */

/* Begin PBXSourcesBuildPhase section */
		6F022DB7237346F700875434 /* Sources */ = {
			isa = PBXSourcesBuildPhase;
			buildActionMask = 2147483647;
			files = (
				6F022DD72378390E00875434 /* CategoryPickerViewController.swift in Sources */,
				6F9EB9F2237ACB9100B6C706 /* Location+CoreDataProperties.swift in Sources */,
				6F022DC3237346F700875434 /* CurrentLocationViewController.swift in Sources */,
				6F25045123844FBD00EB3BDA /* MyImagePickerController.swift in Sources */,
				6FEB7A542378709B00AF2A37 /* Functions.swift in Sources */,
				6F250444237C24A500EB3BDA /* LocationCell.swift in Sources */,
				6F022DBF237346F700875434 /* AppDelegate.swift in Sources */,
				6F022DC1237346F700875434 /* SceneDelegate.swift in Sources */,
				6F25044B2384106100EB3BDA /* UIImage+Resize.swift in Sources */,
				6F9EB9EA237AC81000B6C706 /* DataModel.xcdatamodeld in Sources */,
				6F25044F23844E9400EB3BDA /* MyTabBarController.swift in Sources */,
				6F022DD92378586700875434 /* HudView.swift in Sources */,
				6F9EB9F1237ACB9100B6C706 /* Location+CoreDataClass.swift in Sources */,
				6F022DD523781C9100875434 /* LocationDetailsViewController.swift in Sources */,
				6F250442237C1AF700EB3BDA /* LocationsViewController.swift in Sources */,
				6F250449237DB0AE00EB3BDA /* MapViewController.swift in Sources */,
				6F25044D23842BAA00EB3BDA /* String+AddText.swift in Sources */,
			);
			runOnlyForDeploymentPostprocessing = 0;
		};
/* End PBXSourcesBuildPhase section */

/* Begin PBXVariantGroup section */
		6F022DC6237346F700875434 /* Main.storyboard */ = {
			isa = PBXVariantGroup;
			children = (
				6F022DC7237346F700875434 /* Base */,
			);
			name = Main.storyboard;
			sourceTree = "<group>";
		};
		6F022DCB237346F800875434 /* LaunchScreen.storyboard */ = {
			isa = PBXVariantGroup;
			children = (
				6F022DCC237346F800875434 /* Base */,
			);
			name = LaunchScreen.storyboard;
			sourceTree = "<group>";
		};
/* End PBXVariantGroup section */

/* Begin XCBuildConfiguration section */
		6F022DCF237346F800875434 /* Debug */ = {
			isa = XCBuildConfiguration;
			buildSettings = {
				ALWAYS_SEARCH_USER_PATHS = NO;
				CLANG_ANALYZER_NONNULL = YES;
				CLANG_ANALYZER_NUMBER_OBJECT_CONVERSION = YES_AGGRESSIVE;
				CLANG_CXX_LANGUAGE_STANDARD = "gnu++14";
				CLANG_CXX_LIBRARY = "libc++";
				CLANG_ENABLE_MODULES = YES;
				CLANG_ENABLE_OBJC_ARC = YES;
				CLANG_ENABLE_OBJC_WEAK = YES;
				CLANG_WARN_BLOCK_CAPTURE_AUTORELEASING = YES;
				CLANG_WARN_BOOL_CONVERSION = YES;
				CLANG_WARN_COMMA = YES;
				CLANG_WARN_CONSTANT_CONVERSION = YES;
				CLANG_WARN_DEPRECATED_OBJC_IMPLEMENTATIONS = YES;
				CLANG_WARN_DIRECT_OBJC_ISA_USAGE = YES_ERROR;
				CLANG_WARN_DOCUMENTATION_COMMENTS = YES;
				CLANG_WARN_EMPTY_BODY = YES;
				CLANG_WARN_ENUM_CONVERSION = YES;
				CLANG_WARN_INFINITE_RECURSION = YES;
				CLANG_WARN_INT_CONVERSION = YES;
				CLANG_WARN_NON_LITERAL_NULL_CONVERSION = YES;
				CLANG_WARN_OBJC_IMPLICIT_RETAIN_SELF = YES;
				CLANG_WARN_OBJC_LITERAL_CONVERSION = YES;
				CLANG_WARN_OBJC_ROOT_CLASS = YES_ERROR;
				CLANG_WARN_RANGE_LOOP_ANALYSIS = YES;
				CLANG_WARN_STRICT_PROTOTYPES = YES;
				CLANG_WARN_SUSPICIOUS_MOVE = YES;
				CLANG_WARN_UNGUARDED_AVAILABILITY = YES_AGGRESSIVE;
				CLANG_WARN_UNREACHABLE_CODE = YES;
				CLANG_WARN__DUPLICATE_METHOD_MATCH = YES;
				COPY_PHASE_STRIP = NO;
				DEBUG_INFORMATION_FORMAT = dwarf;
				ENABLE_STRICT_OBJC_MSGSEND = YES;
				ENABLE_TESTABILITY = YES;
				GCC_C_LANGUAGE_STANDARD = gnu11;
				GCC_DYNAMIC_NO_PIC = NO;
				GCC_NO_COMMON_BLOCKS = YES;
				GCC_OPTIMIZATION_LEVEL = 0;
				GCC_PREPROCESSOR_DEFINITIONS = (
					"DEBUG=1",
					"$(inherited)",
				);
				GCC_WARN_64_TO_32_BIT_CONVERSION = YES;
				GCC_WARN_ABOUT_RETURN_TYPE = YES_ERROR;
				GCC_WARN_UNDECLARED_SELECTOR = YES;
				GCC_WARN_UNINITIALIZED_AUTOS = YES_AGGRESSIVE;
				GCC_WARN_UNUSED_FUNCTION = YES;
				GCC_WARN_UNUSED_VARIABLE = YES;
				IPHONEOS_DEPLOYMENT_TARGET = 13.0;
				MTL_ENABLE_DEBUG_INFO = INCLUDE_SOURCE;
				MTL_FAST_MATH = YES;
				ONLY_ACTIVE_ARCH = YES;
				SDKROOT = iphoneos;
				SWIFT_ACTIVE_COMPILATION_CONDITIONS = DEBUG;
				SWIFT_OPTIMIZATION_LEVEL = "-Onone";
			};
			name = Debug;
		};
		6F022DD0237346F800875434 /* Release */ = {
			isa = XCBuildConfiguration;
			buildSettings = {
				ALWAYS_SEARCH_USER_PATHS = NO;
				CLANG_ANALYZER_NONNULL = YES;
				CLANG_ANALYZER_NUMBER_OBJECT_CONVERSION = YES_AGGRESSIVE;
				CLANG_CXX_LANGUAGE_STANDARD = "gnu++14";
				CLANG_CXX_LIBRARY = "libc++";
				CLANG_ENABLE_MODULES = YES;
				CLANG_ENABLE_OBJC_ARC = YES;
				CLANG_ENABLE_OBJC_WEAK = YES;
				CLANG_WARN_BLOCK_CAPTURE_AUTORELEASING = YES;
				CLANG_WARN_BOOL_CONVERSION = YES;
				CLANG_WARN_COMMA = YES;
				CLANG_WARN_CONSTANT_CONVERSION = YES;
				CLANG_WARN_DEPRECATED_OBJC_IMPLEMENTATIONS = YES;
				CLANG_WARN_DIRECT_OBJC_ISA_USAGE = YES_ERROR;
				CLANG_WARN_DOCUMENTATION_COMMENTS = YES;
				CLANG_WARN_EMPTY_BODY = YES;
				CLANG_WARN_ENUM_CONVERSION = YES;
				CLANG_WARN_INFINITE_RECURSION = YES;
				CLANG_WARN_INT_CONVERSION = YES;
				CLANG_WARN_NON_LITERAL_NULL_CONVERSION = YES;
				CLANG_WARN_OBJC_IMPLICIT_RETAIN_SELF = YES;
				CLANG_WARN_OBJC_LITERAL_CONVERSION = YES;
				CLANG_WARN_OBJC_ROOT_CLASS = YES_ERROR;
				CLANG_WARN_RANGE_LOOP_ANALYSIS = YES;
				CLANG_WARN_STRICT_PROTOTYPES = YES;
				CLANG_WARN_SUSPICIOUS_MOVE = YES;
				CLANG_WARN_UNGUARDED_AVAILABILITY = YES_AGGRESSIVE;
				CLANG_WARN_UNREACHABLE_CODE = YES;
				CLANG_WARN__DUPLICATE_METHOD_MATCH = YES;
				COPY_PHASE_STRIP = NO;
				DEBUG_INFORMATION_FORMAT = "dwarf-with-dsym";
				ENABLE_NS_ASSERTIONS = NO;
				ENABLE_STRICT_OBJC_MSGSEND = YES;
				GCC_C_LANGUAGE_STANDARD = gnu11;
				GCC_NO_COMMON_BLOCKS = YES;
				GCC_WARN_64_TO_32_BIT_CONVERSION = YES;
				GCC_WARN_ABOUT_RETURN_TYPE = YES_ERROR;
				GCC_WARN_UNDECLARED_SELECTOR = YES;
				GCC_WARN_UNINITIALIZED_AUTOS = YES_AGGRESSIVE;
				GCC_WARN_UNUSED_FUNCTION = YES;
				GCC_WARN_UNUSED_VARIABLE = YES;
				IPHONEOS_DEPLOYMENT_TARGET = 13.0;
				MTL_ENABLE_DEBUG_INFO = NO;
				MTL_FAST_MATH = YES;
				SDKROOT = iphoneos;
				SWIFT_COMPILATION_MODE = wholemodule;
				SWIFT_OPTIMIZATION_LEVEL = "-O";
				VALIDATE_PRODUCT = YES;
			};
			name = Release;
		};
		6F022DD2237346F800875434 /* Debug */ = {
			isa = XCBuildConfiguration;
			buildSettings = {
				ASSETCATALOG_COMPILER_APPICON_NAME = AppIcon;
				ASSETCATALOG_COMPILER_LAUNCHIMAGE_NAME = "";
				CODE_SIGN_STYLE = Automatic;
				DEVELOPMENT_TEAM = NXA9FH974Z;
				INFOPLIST_FILE = MyLocations/Info.plist;
				LD_RUNPATH_SEARCH_PATHS = (
					"$(inherited)",
					"@executable_path/Frameworks",
				);
				PRODUCT_BUNDLE_IDENTIFIER = com.MHAH.MyLocations;
				PRODUCT_NAME = "$(TARGET_NAME)";
				SWIFT_VERSION = 5.0;
				TARGETED_DEVICE_FAMILY = "1,2";
			};
			name = Debug;
		};
		6F022DD3237346F800875434 /* Release */ = {
			isa = XCBuildConfiguration;
			buildSettings = {
				ASSETCATALOG_COMPILER_APPICON_NAME = AppIcon;
				ASSETCATALOG_COMPILER_LAUNCHIMAGE_NAME = "";
				CODE_SIGN_STYLE = Automatic;
				DEVELOPMENT_TEAM = NXA9FH974Z;
				INFOPLIST_FILE = MyLocations/Info.plist;
				LD_RUNPATH_SEARCH_PATHS = (
					"$(inherited)",
					"@executable_path/Frameworks",
				);
				PRODUCT_BUNDLE_IDENTIFIER = com.MHAH.MyLocations;
				PRODUCT_NAME = "$(TARGET_NAME)";
				SWIFT_VERSION = 5.0;
				TARGETED_DEVICE_FAMILY = "1,2";
			};
			name = Release;
		};
/* End XCBuildConfiguration section */

/* Begin XCConfigurationList section */
		6F022DB6237346F700875434 /* Build configuration list for PBXProject "MyLocations" */ = {
			isa = XCConfigurationList;
			buildConfigurations = (
				6F022DCF237346F800875434 /* Debug */,
				6F022DD0237346F800875434 /* Release */,
			);
			defaultConfigurationIsVisible = 0;
			defaultConfigurationName = Release;
		};
		6F022DD1237346F800875434 /* Build configuration list for PBXNativeTarget "MyLocations" */ = {
			isa = XCConfigurationList;
			buildConfigurations = (
				6F022DD2237346F800875434 /* Debug */,
				6F022DD3237346F800875434 /* Release */,
			);
			defaultConfigurationIsVisible = 0;
			defaultConfigurationName = Release;
		};
/* End XCConfigurationList section */

/* Begin XCVersionGroup section */
		6F9EB9E8237AC81000B6C706 /* DataModel.xcdatamodeld */ = {
			isa = XCVersionGroup;
			children = (
				6F9EB9E9237AC81000B6C706 /* DataModel.xcdatamodel */,
			);
			currentVersion = 6F9EB9E9237AC81000B6C706 /* DataModel.xcdatamodel */;
			path = DataModel.xcdatamodeld;
			sourceTree = "<group>";
			versionGroupType = wrapper.xcdatamodel;
		};
/* End XCVersionGroup section */
	};
	rootObject = 6F022DB3237346F700875434 /* Project object */;
}
